
Microsoft Visual Studio Solution File, Format Version 12.00
# Visual Studio Version 17
VisualStudioVersion = 17.6.33815.320
MinimumVisualStudioVersion = 10.0.40219.1
Project("{9A19103F-16F7-4668-BE54-9A1E7A4F7556}") = "WeatherApplication", "WeatherApplication\WeatherApplication.csproj", "{52C9F66B-4DD1-41E5-B0AE-768EA55AE9B0}"
EndProject
Project("{FAE04EC0-301F-11D3-BF4B-00C04F79EFBC}") = "WeatherApplicationLibrary", "WeatherApplicationLibrary\WeatherApplicationLibrary.csproj", "{C8D19C11-CC2D-42BE-B618-34E41E1C4AB9}"
EndProject
Global
	GlobalSection(SolutionConfigurationPlatforms) = preSolution
		Debug|Any CPU = Debug|Any CPU
		Release|Any CPU = Release|Any CPU
	EndGlobalSection
	GlobalSection(ProjectConfigurationPlatforms) = postSolution
		{52C9F66B-4DD1-41E5-B0AE-768EA55AE9B0}.Debug|Any CPU.ActiveCfg = Debug|Any CPU
		{52C9F66B-4DD1-41E5-B0AE-768EA55AE9B0}.Debug|Any CPU.Build.0 = Debug|Any CPU
		{52C9F66B-4DD1-41E5-B0AE-768EA55AE9B0}.Release|Any CPU.ActiveCfg = Release|Any CPU
		{52C9F66B-4DD1-41E5-B0AE-768EA55AE9B0}.Release|Any CPU.Build.0 = Release|Any CPU
		{C8D19C11-CC2D-42BE-B618-34E41E1C4AB9}.Debug|Any CPU.ActiveCfg = Debug|Any CPU
		{C8D19C11-CC2D-42BE-B618-34E41E1C4AB9}.Debug|Any CPU.Build.0 = Debug|Any CPU
		{C8D19C11-CC2D-42BE-B618-34E41E1C4AB9}.Release|Any CPU.ActiveCfg = Release|Any CPU
		{C8D19C11-CC2D-42BE-B618-34E41E1C4AB9}.Release|Any CPU.Build.0 = Release|Any CPU
	EndGlobalSection
	GlobalSection(SolutionProperties) = preSolution
		HideSolutionNode = FALSE
	EndGlobalSection
	GlobalSection(ExtensibilityGlobals) = postSolution
		SolutionGuid = {BCB01A18-9732-4D78-B07A-01770F8446C3}
	EndGlobalSection
EndGlobal
